
Microsoft Visual Studio Solution File, Format Version 12.00
# Visual Studio Version 17
VisualStudioVersion = 17.4.33403.182
MinimumVisualStudioVersion = 10.0.40219.1
Project("{FAE04EC0-301F-11D3-BF4B-00C04F79EFBC}") = "Student Management System", "Student Management System\Student Management System.csproj", "{8DD67C21-5606-4C73-B287-BD9FE65E7FF7}"
EndProject
Project("{FAE04EC0-301F-11D3-BF4B-00C04F79EFBC}") = "Repository", "Repository\Repository.csproj", "{D9DAC375-1222-41AE-8C29-33DA5C10DBC6}"
EndProject
Project("{FAE04EC0-301F-11D3-BF4B-00C04F79EFBC}") = "Service", "Service\Service.csproj", "{BE09DA79-A21D-4346-96CE-30E09714448A}"
EndProject
Global
	GlobalSection(SolutionConfigurationPlatforms) = preSolution
		Debug|Any CPU = Debug|Any CPU
		Release|Any CPU = Release|Any CPU
	EndGlobalSection
	GlobalSection(ProjectConfigurationPlatforms) = postSolution
		{8DD67C21-5606-4C73-B287-BD9FE65E7FF7}.Debug|Any CPU.ActiveCfg = Debug|Any CPU
		{8DD67C21-5606-4C73-B287-BD9FE65E7FF7}.Debug|Any CPU.Build.0 = Debug|Any CPU
		{8DD67C21-5606-4C73-B287-BD9FE65E7FF7}.Release|Any CPU.ActiveCfg = Release|Any CPU
		{8DD67C21-5606-4C73-B287-BD9FE65E7FF7}.Release|Any CPU.Build.0 = Release|Any CPU
		{D9DAC375-1222-41AE-8C29-33DA5C10DBC6}.Debug|Any CPU.ActiveCfg = Debug|Any CPU
		{D9DAC375-1222-41AE-8C29-33DA5C10DBC6}.Debug|Any CPU.Build.0 = Debug|Any CPU
		{D9DAC375-1222-41AE-8C29-33DA5C10DBC6}.Release|Any CPU.ActiveCfg = Release|Any CPU
		{D9DAC375-1222-41AE-8C29-33DA5C10DBC6}.Release|Any CPU.Build.0 = Release|Any CPU
		{BE09DA79-A21D-4346-96CE-30E09714448A}.Debug|Any CPU.ActiveCfg = Debug|Any CPU
		{BE09DA79-A21D-4346-96CE-30E09714448A}.Debug|Any CPU.Build.0 = Debug|Any CPU
		{BE09DA79-A21D-4346-96CE-30E09714448A}.Release|Any CPU.ActiveCfg = Release|Any CPU
		{BE09DA79-A21D-4346-96CE-30E09714448A}.Release|Any CPU.Build.0 = Release|Any CPU
	EndGlobalSection
	GlobalSection(SolutionProperties) = preSolution
		HideSolutionNode = FALSE
	EndGlobalSection
	GlobalSection(ExtensibilityGlobals) = postSolution
		SolutionGuid = {4829B2AC-A99F-496B-B1E9-25B478254318}
	EndGlobalSection
EndGlobal
